
Microsoft Visual Studio Solution File, Format Version 12.00
# Visual Studio 15
VisualStudioVersion = 15.0.27428.2027
MinimumVisualStudioVersion = 10.0.40219.1
Project("{FAE04EC0-301F-11D3-BF4B-00C04F79EFBC}") = "KUiPath", "UiPath\KUiPath.csproj", "{4CE18EBE-E1CA-48BB-8564-8C1C1161270C}"
EndProject
Project("{FAE04EC0-301F-11D3-BF4B-00C04F79EFBC}") = "KUiPathTest", "KUiPathTest\KUiPathTest.csproj", "{A944BCDC-D398-4EB9-B5D7-6F56F76C5D2B}"
EndProject
Global
	GlobalSection(SolutionConfigurationPlatforms) = preSolution
		Debug|Any CPU = Debug|Any CPU
		Release|Any CPU = Release|Any CPU
	EndGlobalSection
	GlobalSection(ProjectConfigurationPlatforms) = postSolution
		{4CE18EBE-E1CA-48BB-8564-8C1C1161270C}.Debug|Any CPU.ActiveCfg = Debug|Any CPU
		{4CE18EBE-E1CA-48BB-8564-8C1C1161270C}.Debug|Any CPU.Build.0 = Debug|Any CPU
		{4CE18EBE-E1CA-48BB-8564-8C1C1161270C}.Release|Any CPU.ActiveCfg = Release|Any CPU
		{4CE18EBE-E1CA-48BB-8564-8C1C1161270C}.Release|Any CPU.Build.0 = Release|Any CPU
		{A944BCDC-D398-4EB9-B5D7-6F56F76C5D2B}.Debug|Any CPU.ActiveCfg = Debug|Any CPU
		{A944BCDC-D398-4EB9-B5D7-6F56F76C5D2B}.Debug|Any CPU.Build.0 = Debug|Any CPU
		{A944BCDC-D398-4EB9-B5D7-6F56F76C5D2B}.Release|Any CPU.ActiveCfg = Release|Any CPU
		{A944BCDC-D398-4EB9-B5D7-6F56F76C5D2B}.Release|Any CPU.Build.0 = Release|Any CPU
	EndGlobalSection
	GlobalSection(SolutionProperties) = preSolution
		HideSolutionNode = FALSE
	EndGlobalSection
	GlobalSection(ExtensibilityGlobals) = postSolution
		SolutionGuid = {5F93EA32-621D-4270-B242-CF5DDB9EB790}
	EndGlobalSection
EndGlobal
